// !$*UTF8*$!
{
	archiveVersion = 1;
	classes = {
	};
	objectVersion = 77;
	objects = {

/* Begin PBXContainerItemProxy section */
		A74547982EBCB6F700710216 /* PBXContainerItemProxy */ = {
			isa = PBXContainerItemProxy;
			containerPortal = A74547822EBCB6F500710216 /* Project object */;
			proxyType = 1;
			remoteGlobalIDString = A74547892EBCB6F500710216;
			remoteInfo = "Hrv Run";
		};
		A74547A22EBCB6F700710216 /* PBXContainerItemProxy */ = {
			isa = PBXContainerItemProxy;
			containerPortal = A74547822EBCB6F500710216 /* Project object */;
			proxyType = 1;
			remoteGlobalIDString = A74547892EBCB6F500710216;
			remoteInfo = "Hrv Run";
		};
/* End PBXContainerItemProxy section */

/* Begin PBXFileReference section */
		A745478A2EBCB6F500710216 /* Hrv Run.app */ = {isa = PBXFileReference; explicitFileType = wrapper.application; includeInIndex = 0; path = "Hrv Run.app"; sourceTree = BUILT_PRODUCTS_DIR; };
		A74547972EBCB6F700710216 /* Hrv RunTests.xctest */ = {isa = PBXFileReference; explicitFileType = wrapper.cfbundle; includeInIndex = 0; path = "Hrv RunTests.xctest"; sourceTree = BUILT_PRODUCTS_DIR; };
		A74547A12EBCB6F700710216 /* Hrv RunUITests.xctest */ = {isa = PBXFileReference; explicitFileType = wrapper.cfbundle; includeInIndex = 0; path = "Hrv RunUITests.xctest"; sourceTree = BUILT_PRODUCTS_DIR; };
/* End PBXFileReference section */

/* Begin PBXFileSystemSynchronizedRootGroup section */
		A745478C2EBCB6F500710216 /* Hrv Run */ = {
			isa = PBXFileSystemSynchronizedRootGroup;
			path = "Hrv Run";
			sourceTree = "<group>";
		};
		A745479A2EBCB6F700710216 /* Hrv RunTests */ = {
			isa = PBXFileSystemSynchronizedRootGroup;
			path = "Hrv RunTests";
			sourceTree = "<group>";
		};
		A74547A42EBCB6F700710216 /* Hrv RunUITests */ = {
			isa = PBXFileSystemSynchronizedRootGroup;
			path = "Hrv RunUITests";
			sourceTree = "<group>";
		};
/* End PBXFileSystemSynchronizedRootGroup section */

/* Begin PBXFrameworksBuildPhase section */
		A74547872EBCB6F500710216 /* Frameworks */ = {
			isa = PBXFrameworksBuildPhase;
			buildActionMask = 2147483647;
			files = (
			);
			runOnlyForDeploymentPostprocessing = 0;
		};
		A74547942EBCB6F700710216 /* Frameworks */ = {
			isa = PBXFrameworksBuildPhase;
			buildActionMask = 2147483647;
			files = (
			);
			runOnlyForDeploymentPostprocessing = 0;
		};
		A745479E2EBCB6F700710216 /* Frameworks */ = {
			isa = PBXFrameworksBuildPhase;
			buildActionMask = 2147483647;
			files = (
			);
			runOnlyForDeploymentPostprocessing = 0;
		};
/* End PBXFrameworksBuildPhase section */

/* Begin PBXGroup section */
		A74547812EBCB6F500710216 = {
			isa = PBXGroup;
			children = (
				A745478C2EBCB6F500710216 /* Hrv Run */,
				A745479A2EBCB6F700710216 /* Hrv RunTests */,
				A74547A42EBCB6F700710216 /* Hrv RunUITests */,
				A745478B2EBCB6F500710216 /* Products */,
			);
			sourceTree = "<group>";
		};
		A745478B2EBCB6F500710216 /* Products */ = {
			isa = PBXGroup;
			children = (
				A745478A2EBCB6F500710216 /* Hrv Run.app */,
				A74547972EBCB6F700710216 /* Hrv RunTests.xctest */,
				A74547A12EBCB6F700710216 /* Hrv RunUITests.xctest */,
			);
			name = Products;
			sourceTree = "<group>";
		};
/* End PBXGroup section */

/* Begin PBXNativeTarget section */
		A74547892EBCB6F500710216 /* Hrv Run */ = {
			isa = PBXNativeTarget;
			buildConfigurationList = A74547AB2EBCB6F700710216 /* Build configuration list for PBXNativeTarget "Hrv Run" */;
			buildPhases = (
				A74547862EBCB6F500710216 /* Sources */,
				A74547872EBCB6F500710216 /* Frameworks */,
				A74547882EBCB6F500710216 /* Resources */,
			);
			buildRules = (
			);
			dependencies = (
			);
			fileSystemSynchronizedGroups = (
				A745478C2EBCB6F500710216 /* Hrv Run */,
			);
			name = "Hrv Run";
			packageProductDependencies = (
			);
			productName = "Hrv Run";
			productReference = A745478A2EBCB6F500710216 /* Hrv Run.app */;
			productType = "com.apple.product-type.application";
		};
		A74547962EBCB6F700710216 /* Hrv RunTests */ = {
			isa = PBXNativeTarget;
			buildConfigurationList = A74547AE2EBCB6F700710216 /* Build configuration list for PBXNativeTarget "Hrv RunTests" */;
			buildPhases = (
				A74547932EBCB6F700710216 /* Sources */,
				A74547942EBCB6F700710216 /* Frameworks */,
				A74547952EBCB6F700710216 /* Resources */,
			);
			buildRules = (
			);
			dependencies = (
				A74547992EBCB6F700710216 /* PBXTargetDependency */,
			);
			fileSystemSynchronizedGroups = (
				A745479A2EBCB6F700710216 /* Hrv RunTests */,
			);
			name = "Hrv RunTests";
			packageProductDependencies = (
			);
			productName = "Hrv RunTests";
			productReference = A74547972EBCB6F700710216 /* Hrv RunTests.xctest */;
			productType = "com.apple.product-type.bundle.unit-test";
		};
		A74547A02EBCB6F700710216 /* Hrv RunUITests */ = {
			isa = PBXNativeTarget;
			buildConfigurationList = A74547B12EBCB6F700710216 /* Build configuration list for PBXNativeTarget "Hrv RunUITests" */;
			buildPhases = (
				A745479D2EBCB6F700710216 /* Sources */,
				A745479E2EBCB6F700710216 /* Frameworks */,
				A745479F2EBCB6F700710216 /* Resources */,
			);
			buildRules = (
			);
			dependencies = (
				A74547A32EBCB6F700710216 /* PBXTargetDependency */,
			);
			fileSystemSynchronizedGroups = (
				A74547A42EBCB6F700710216 /* Hrv RunUITests */,
			);
			name = "Hrv RunUITests";
			packageProductDependencies = (
			);
			productName = "Hrv RunUITests";
			productReference = A74547A12EBCB6F700710216 /* Hrv RunUITests.xctest */;
			productType = "com.apple.product-type.bundle.ui-testing";
		};
/* End PBXNativeTarget section */

/* Begin PBXProject section */
		A74547822EBCB6F500710216 /* Project object */ = {
			isa = PBXProject;
			attributes = {
				BuildIndependentTargetsInParallel = 1;
				LastSwiftUpdateCheck = 1630;
				LastUpgradeCheck = 1630;
				TargetAttributes = {
					A74547892EBCB6F500710216 = {
						CreatedOnToolsVersion = 16.3;
					};
					A74547962EBCB6F700710216 = {
						CreatedOnToolsVersion = 16.3;
						TestTargetID = A74547892EBCB6F500710216;
					};
					A74547A02EBCB6F700710216 = {
						CreatedOnToolsVersion = 16.3;
						TestTargetID = A74547892EBCB6F500710216;
					};
				};
			};
			buildConfigurationList = A74547852EBCB6F500710216 /* Build configuration list for PBXProject "Hrv Run" */;
			developmentRegion = en;
			hasScannedForEncodings = 0;
			knownRegions = (
				en,
				Base,
				"zh-Hans",
			);
			mainGroup = A74547812EBCB6F500710216;
			minimizedProjectReferenceProxies = 1;
			preferredProjectObjectVersion = 77;
			productRefGroup = A745478B2EBCB6F500710216 /* Products */;
			projectDirPath = "";
			projectRoot = "";
			targets = (
				A74547892EBCB6F500710216 /* Hrv Run */,
				A74547962EBCB6F700710216 /* Hrv RunTests */,
				A74547A02EBCB6F700710216 /* Hrv RunUITests */,
			);
		};
/* End PBXProject section */

/* Begin PBXResourcesBuildPhase section */
		A74547882EBCB6F500710216 /* Resources */ = {
			isa = PBXResourcesBuildPhase;
			buildActionMask = 2147483647;
			files = (
			);
			runOnlyForDeploymentPostprocessing = 0;
		};
		A74547952EBCB6F700710216 /* Resources */ = {
			isa = PBXResourcesBuildPhase;
			buildActionMask = 2147483647;
			files = (
			);
			runOnlyForDeploymentPostprocessing = 0;
		};
		A745479F2EBCB6F700710216 /* Resources */ = {
			isa = PBXResourcesBuildPhase;
			buildActionMask = 2147483647;
			files = (
			);
			runOnlyForDeploymentPostprocessing = 0;
		};
/* End PBXResourcesBuildPhase section */

/* Begin PBXSourcesBuildPhase section */
		A74547862EBCB6F500710216 /* Sources */ = {
			isa = PBXSourcesBuildPhase;
			buildActionMask = 2147483647;
			files = (
			);
			runOnlyForDeploymentPostprocessing = 0;
		};
		A74547932EBCB6F700710216 /* Sources */ = {
			isa = PBXSourcesBuildPhase;
			buildActionMask = 2147483647;
			files = (
			);
			runOnlyForDeploymentPostprocessing = 0;
		};
		A745479D2EBCB6F700710216 /* Sources */ = {
			isa = PBXSourcesBuildPhase;
			buildActionMask = 2147483647;
			files = (
			);
			runOnlyForDeploymentPostprocessing = 0;
		};
/* End PBXSourcesBuildPhase section */

/* Begin PBXTargetDependency section */
		A74547992EBCB6F700710216 /* PBXTargetDependency */ = {
			isa = PBXTargetDependency;
			target = A74547892EBCB6F500710216 /* Hrv Run */;
			targetProxy = A74547982EBCB6F700710216 /* PBXContainerItemProxy */;
		};
		A74547A32EBCB6F700710216 /* PBXTargetDependency */ = {
			isa = PBXTargetDependency;
			target = A74547892EBCB6F500710216 /* Hrv Run */;
			targetProxy = A74547A22EBCB6F700710216 /* PBXContainerItemProxy */;
		};
/* End PBXTargetDependency section */

/* Begin XCBuildConfiguration section */
		A74547A92EBCB6F700710216 /* Debug */ = {
			isa = XCBuildConfiguration;
			buildSettings = {
				ALWAYS_SEARCH_USER_PATHS = NO;
				ASSETCATALOG_COMPILER_GENERATE_SWIFT_ASSET_SYMBOL_EXTENSIONS = YES;
				CLANG_ANALYZER_NONNULL = YES;
				CLANG_ANALYZER_NUMBER_OBJECT_CONVERSION = YES_AGGRESSIVE;
				CLANG_CXX_LANGUAGE_STANDARD = "gnu++20";
				CLANG_ENABLE_MODULES = YES;
				CLANG_ENABLE_OBJC_ARC = YES;
				CLANG_ENABLE_OBJC_WEAK = YES;
				CLANG_WARN_BLOCK_CAPTURE_AUTORELEASING = YES;
				CLANG_WARN_BOOL_CONVERSION = YES;
				CLANG_WARN_COMMA = YES;
				CLANG_WARN_CONSTANT_CONVERSION = YES;
				CLANG_WARN_DEPRECATED_OBJC_IMPLEMENTATIONS = YES;
				CLANG_WARN_DIRECT_OBJC_ISA_USAGE = YES_ERROR;
				CLANG_WARN_DOCUMENTATION_COMMENTS = YES;
				CLANG_WARN_EMPTY_BODY = YES;
				CLANG_WARN_ENUM_CONVERSION = YES;
				CLANG_WARN_INFINITE_RECURSION = YES;
				CLANG_WARN_INT_CONVERSION = YES;
				CLANG_WARN_NON_LITERAL_NULL_CONVERSION = YES;
				CLANG_WARN_OBJC_IMPLICIT_RETAIN_SELF = YES;
				CLANG_WARN_OBJC_LITERAL_CONVERSION = YES;
				CLANG_WARN_OBJC_ROOT_CLASS = YES_ERROR;
				CLANG_WARN_QUOTED_INCLUDE_IN_FRAMEWORK_HEADER = YES;
				CLANG_WARN_RANGE_LOOP_ANALYSIS = YES;
				CLANG_WARN_STRICT_PROTOTYPES = YES;
				CLANG_WARN_SUSPICIOUS_MOVE = YES;
				CLANG_WARN_UNGUARDED_AVAILABILITY = YES_AGGRESSIVE;
				CLANG_WARN_UNREACHABLE_CODE = YES;
				CLANG_WARN__DUPLICATE_METHOD_MATCH = YES;
				COPY_PHASE_STRIP = NO;
				DEBUG_INFORMATION_FORMAT = dwarf;
				DEVELOPMENT_TEAM = 3L5A8YRB6J;
				ENABLE_STRICT_OBJC_MSGSEND = YES;
				ENABLE_TESTABILITY = YES;
				ENABLE_USER_SCRIPT_SANDBOXING = YES;
				GCC_C_LANGUAGE_STANDARD = gnu17;
				GCC_DYNAMIC_NO_PIC = NO;
				GCC_NO_COMMON_BLOCKS = YES;
				GCC_OPTIMIZATION_LEVEL = 0;
				GCC_PREPROCESSOR_DEFINITIONS = (
					"DEBUG=1",
					"$(inherited)",
				);
				GCC_WARN_64_TO_32_BIT_CONVERSION = YES;
				GCC_WARN_ABOUT_RETURN_TYPE = YES_ERROR;
				GCC_WARN_UNDECLARED_SELECTOR = YES;
				GCC_WARN_UNINITIALIZED_AUTOS = YES_AGGRESSIVE;
				GCC_WARN_UNUSED_FUNCTION = YES;
				GCC_WARN_UNUSED_VARIABLE = YES;
				IPHONEOS_DEPLOYMENT_TARGET = 18.4;
				LOCALIZATION_PREFERS_STRING_CATALOGS = YES;
				MTL_ENABLE_DEBUG_INFO = INCLUDE_SOURCE;
				MTL_FAST_MATH = YES;
				ONLY_ACTIVE_ARCH = YES;
				SDKROOT = iphoneos;
				SWIFT_ACTIVE_COMPILATION_CONDITIONS = "DEBUG $(inherited)";
				SWIFT_OPTIMIZATION_LEVEL = "-Onone";
			};
			name = Debug;
		};
		A74547AA2EBCB6F700710216 /* Release */ = {
			isa = XCBuildConfiguration;
			buildSettings = {
				ALWAYS_SEARCH_USER_PATHS = NO;
				ASSETCATALOG_COMPILER_GENERATE_SWIFT_ASSET_SYMBOL_EXTENSIONS = YES;
				CLANG_ANALYZER_NONNULL = YES;
				CLANG_ANALYZER_NUMBER_OBJECT_CONVERSION = YES_AGGRESSIVE;
				CLANG_CXX_LANGUAGE_STANDARD = "gnu++20";
				CLANG_ENABLE_MODULES = YES;
				CLANG_ENABLE_OBJC_ARC = YES;
				CLANG_ENABLE_OBJC_WEAK = YES;
				CLANG_WARN_BLOCK_CAPTURE_AUTORELEASING = YES;
				CLANG_WARN_BOOL_CONVERSION = YES;
				CLANG_WARN_COMMA = YES;
				CLANG_WARN_CONSTANT_CONVERSION = YES;
				CLANG_WARN_DEPRECATED_OBJC_IMPLEMENTATIONS = YES;
				CLANG_WARN_DIRECT_OBJC_ISA_USAGE = YES_ERROR;
				CLANG_WARN_DOCUMENTATION_COMMENTS = YES;
				CLANG_WARN_EMPTY_BODY = YES;
				CLANG_WARN_ENUM_CONVERSION = YES;
				CLANG_WARN_INFINITE_RECURSION = YES;
				CLANG_WARN_INT_CONVERSION = YES;
				CLANG_WARN_NON_LITERAL_NULL_CONVERSION = YES;
				CLANG_WARN_OBJC_IMPLICIT_RETAIN_SELF = YES;
				CLANG_WARN_OBJC_LITERAL_CONVERSION = YES;
				CLANG_WARN_OBJC_ROOT_CLASS = YES_ERROR;
				CLANG_WARN_QUOTED_INCLUDE_IN_FRAMEWORK_HEADER = YES;
				CLANG_WARN_RANGE_LOOP_ANALYSIS = YES;
				CLANG_WARN_STRICT_PROTOTYPES = YES;
				CLANG_WARN_SUSPICIOUS_MOVE = YES;
				CLANG_WARN_UNGUARDED_AVAILABILITY = YES_AGGRESSIVE;
				CLANG_WARN_UNREACHABLE_CODE = YES;
				CLANG_WARN__DUPLICATE_METHOD_MATCH = YES;
				COPY_PHASE_STRIP = NO;
				DEBUG_INFORMATION_FORMAT = "dwarf-with-dsym";
				DEVELOPMENT_TEAM = 3L5A8YRB6J;
				ENABLE_NS_ASSERTIONS = NO;
				ENABLE_STRICT_OBJC_MSGSEND = YES;
				ENABLE_USER_SCRIPT_SANDBOXING = YES;
				GCC_C_LANGUAGE_STANDARD = gnu17;
				GCC_NO_COMMON_BLOCKS = YES;
				GCC_WARN_64_TO_32_BIT_CONVERSION = YES;
				GCC_WARN_ABOUT_RETURN_TYPE = YES_ERROR;
				GCC_WARN_UNDECLARED_SELECTOR = YES;
				GCC_WARN_UNINITIALIZED_AUTOS = YES_AGGRESSIVE;
				GCC_WARN_UNUSED_FUNCTION = YES;
				GCC_WARN_UNUSED_VARIABLE = YES;
				IPHONEOS_DEPLOYMENT_TARGET = 18.4;
				LOCALIZATION_PREFERS_STRING_CATALOGS = YES;
				MTL_ENABLE_DEBUG_INFO = NO;
				MTL_FAST_MATH = YES;
				SDKROOT = iphoneos;
				SWIFT_COMPILATION_MODE = wholemodule;
				VALIDATE_PRODUCT = YES;
			};
			name = Release;
		};
		A74547AC2EBCB6F700710216 /* Debug */ = {
			isa = XCBuildConfiguration;
			buildSettings = {
				ASSETCATALOG_COMPILER_APPICON_NAME = AppIcon;
				ASSETCATALOG_COMPILER_GLOBAL_ACCENT_COLOR_NAME = AccentColor;
				CODE_SIGN_ENTITLEMENTS = "Hrv Run/Hrv Run.entitlements";
				CODE_SIGN_STYLE = Automatic;
				CURRENT_PROJECT_VERSION = 1;
				DEVELOPMENT_TEAM = 3L5A8YRB6J;
				ENABLE_PREVIEWS = YES;
				GENERATE_INFOPLIST_FILE = YES;
				INFOPLIST_KEY_NSHealthShareUsageDescription = "We need access to your HRV data to analyze your recovery status and provide personalized running recommendations.";
				INFOPLIST_KEY_NSHealthUpdateUsageDescription = "We need permission to save your workout data to Apple Health.";
				INFOPLIST_KEY_UIApplicationSceneManifest_Generation = YES;
				INFOPLIST_KEY_UIApplicationSupportsIndirectInputEvents = YES;
				INFOPLIST_KEY_UILaunchScreen_Generation = YES;
				INFOPLIST_KEY_UISupportedInterfaceOrientations_iPad = "UIInterfaceOrientationPortrait UIInterfaceOrientationPortraitUpsideDown UIInterfaceOrientationLandscapeLeft UIInterfaceOrientationLandscapeRight";
				INFOPLIST_KEY_UISupportedInterfaceOrientations_iPhone = "UIInterfaceOrientationPortrait UIInterfaceOrientationLandscapeLeft UIInterfaceOrientationLandscapeRight";
				LD_RUNPATH_SEARCH_PATHS = (
					"$(inherited)",
					"@executable_path/Frameworks",
				);
				MARKETING_VERSION = 1.0;
				PRODUCT_BUNDLE_IDENTIFIER = "cn.com.likes.hrv.Hrv-Run";
				PRODUCT_NAME = "$(TARGET_NAME)";
				SWIFT_EMIT_LOC_STRINGS = YES;
				SWIFT_VERSION = 5.0;
				TARGETED_DEVICE_FAMILY = "1,2";
			};
			name = Debug;
		};
		A74547AD2EBCB6F700710216 /* Release */ = {
			isa = XCBuildConfiguration;
			buildSettings = {
				ASSETCATALOG_COMPILER_APPICON_NAME = AppIcon;
				ASSETCATALOG_COMPILER_GLOBAL_ACCENT_COLOR_NAME = AccentColor;
				CODE_SIGN_ENTITLEMENTS = "Hrv Run/Hrv Run.entitlements";
				CODE_SIGN_STYLE = Automatic;
				CURRENT_PROJECT_VERSION = 1;
				DEVELOPMENT_TEAM = 3L5A8YRB6J;
				ENABLE_PREVIEWS = YES;
				GENERATE_INFOPLIST_FILE = YES;
				INFOPLIST_KEY_NSHealthShareUsageDescription = "We need access to your HRV data to analyze your recovery status and provide personalized running recommendations.";
				INFOPLIST_KEY_NSHealthUpdateUsageDescription = "We need permission to save your workout data to Apple Health.";
				INFOPLIST_KEY_UIApplicationSceneManifest_Generation = YES;
				INFOPLIST_KEY_UIApplicationSupportsIndirectInputEvents = YES;
				INFOPLIST_KEY_UILaunchScreen_Generation = YES;
				INFOPLIST_KEY_UISupportedInterfaceOrientations_iPad = "UIInterfaceOrientationPortrait UIInterfaceOrientationPortraitUpsideDown UIInterfaceOrientationLandscapeLeft UIInterfaceOrientationLandscapeRight";
				INFOPLIST_KEY_UISupportedInterfaceOrientations_iPhone = "UIInterfaceOrientationPortrait UIInterfaceOrientationLandscapeLeft UIInterfaceOrientationLandscapeRight";
				LD_RUNPATH_SEARCH_PATHS = (
					"$(inherited)",
					"@executable_path/Frameworks",
				);
				MARKETING_VERSION = 1.0;
				PRODUCT_BUNDLE_IDENTIFIER = "cn.com.likes.hrv.Hrv-Run";
				PRODUCT_NAME = "$(TARGET_NAME)";
				SWIFT_EMIT_LOC_STRINGS = YES;
				SWIFT_VERSION = 5.0;
				TARGETED_DEVICE_FAMILY = "1,2";
			};
			name = Release;
		};
		A74547AF2EBCB6F700710216 /* Debug */ = {
			isa = XCBuildConfiguration;
			buildSettings = {
				BUNDLE_LOADER = "$(TEST_HOST)";
				CODE_SIGN_STYLE = Automatic;
				CURRENT_PROJECT_VERSION = 1;
				DEVELOPMENT_TEAM = 3L5A8YRB6J;
				GENERATE_INFOPLIST_FILE = YES;
				IPHONEOS_DEPLOYMENT_TARGET = 18.4;
				MARKETING_VERSION = 1.0;
				PRODUCT_BUNDLE_IDENTIFIER = "cn.com.likes.hrv.Hrv-RunTests";
				PRODUCT_NAME = "$(TARGET_NAME)";
				SWIFT_EMIT_LOC_STRINGS = NO;
				SWIFT_VERSION = 5.0;
				TARGETED_DEVICE_FAMILY = "1,2";
				TEST_HOST = "$(BUILT_PRODUCTS_DIR)/Hrv Run.app/$(BUNDLE_EXECUTABLE_FOLDER_PATH)/Hrv Run";
			};
			name = Debug;
		};
		A74547B02EBCB6F700710216 /* Release */ = {
			isa = XCBuildConfiguration;
			buildSettings = {
				BUNDLE_LOADER = "$(TEST_HOST)";
				CODE_SIGN_STYLE = Automatic;
				CURRENT_PROJECT_VERSION = 1;
				DEVELOPMENT_TEAM = 3L5A8YRB6J;
				GENERATE_INFOPLIST_FILE = YES;
				IPHONEOS_DEPLOYMENT_TARGET = 18.4;
				MARKETING_VERSION = 1.0;
				PRODUCT_BUNDLE_IDENTIFIER = "cn.com.likes.hrv.Hrv-RunTests";
				PRODUCT_NAME = "$(TARGET_NAME)";
				SWIFT_EMIT_LOC_STRINGS = NO;
				SWIFT_VERSION = 5.0;
				TARGETED_DEVICE_FAMILY = "1,2";
				TEST_HOST = "$(BUILT_PRODUCTS_DIR)/Hrv Run.app/$(BUNDLE_EXECUTABLE_FOLDER_PATH)/Hrv Run";
			};
			name = Release;
		};
		A74547B22EBCB6F700710216 /* Debug */ = {
			isa = XCBuildConfiguration;
			buildSettings = {
				CODE_SIGN_STYLE = Automatic;
				CURRENT_PROJECT_VERSION = 1;
				DEVELOPMENT_TEAM = 3L5A8YRB6J;
				GENERATE_INFOPLIST_FILE = YES;
				MARKETING_VERSION = 1.0;
				PRODUCT_BUNDLE_IDENTIFIER = "cn.com.likes.hrv.Hrv-RunUITests";
				PRODUCT_NAME = "$(TARGET_NAME)";
				SWIFT_EMIT_LOC_STRINGS = NO;
				SWIFT_VERSION = 5.0;
				TARGETED_DEVICE_FAMILY = "1,2";
				TEST_TARGET_NAME = "Hrv Run";
			};
			name = Debug;
		};
		A74547B32EBCB6F700710216 /* Release */ = {
			isa = XCBuildConfiguration;
			buildSettings = {
				CODE_SIGN_STYLE = Automatic;
				CURRENT_PROJECT_VERSION = 1;
				DEVELOPMENT_TEAM = 3L5A8YRB6J;
				GENERATE_INFOPLIST_FILE = YES;
				MARKETING_VERSION = 1.0;
				PRODUCT_BUNDLE_IDENTIFIER = "cn.com.likes.hrv.Hrv-RunUITests";
				PRODUCT_NAME = "$(TARGET_NAME)";
				SWIFT_EMIT_LOC_STRINGS = NO;
				SWIFT_VERSION = 5.0;
				TARGETED_DEVICE_FAMILY = "1,2";
				TEST_TARGET_NAME = "Hrv Run";
			};
			name = Release;
		};
/* End XCBuildConfiguration section */

/* Begin XCConfigurationList section */
		A74547852EBCB6F500710216 /* Build configuration list for PBXProject "Hrv Run" */ = {
			isa = XCConfigurationList;
			buildConfigurations = (
				A74547A92EBCB6F700710216 /* Debug */,
				A74547AA2EBCB6F700710216 /* Release */,
			);
			defaultConfigurationIsVisible = 0;
			defaultConfigurationName = Release;
		};
		A74547AB2EBCB6F700710216 /* Build configuration list for PBXNativeTarget "Hrv Run" */ = {
			isa = XCConfigurationList;
			buildConfigurations = (
				A74547AC2EBCB6F700710216 /* Debug */,
				A74547AD2EBCB6F700710216 /* Release */,
			);
			defaultConfigurationIsVisible = 0;
			defaultConfigurationName = Release;
		};
		A74547AE2EBCB6F700710216 /* Build configuration list for PBXNativeTarget "Hrv RunTests" */ = {
			isa = XCConfigurationList;
			buildConfigurations = (
				A74547AF2EBCB6F700710216 /* Debug */,
				A74547B02EBCB6F700710216 /* Release */,
			);
			defaultConfigurationIsVisible = 0;
			defaultConfigurationName = Release;
		};
		A74547B12EBCB6F700710216 /* Build configuration list for PBXNativeTarget "Hrv RunUITests" */ = {
			isa = XCConfigurationList;
			buildConfigurations = (
				A74547B22EBCB6F700710216 /* Debug */,
				A74547B32EBCB6F700710216 /* Release */,
			);
			defaultConfigurationIsVisible = 0;
			defaultConfigurationName = Release;
		};
/* End XCConfigurationList section */
	};
	rootObject = A74547822EBCB6F500710216 /* Project object */;
}
